{
  "name": "grace-collections",
  "version": "1.0.0",
  "lockfileVersion": 1,
  "requires": true,
  "dependencies": {
    "@babel/code-frame": {
      "version": "7.10.4",
      "resolved": "https://artifactory.viaplay.cloud/artifactory/api/npm/mtg-npm-virtual/@babel/code-frame/-/code-frame-7.10.4.tgz",
      "integrity": "sha1-Fo2ho26Q2miujUnA8bSMfGJJITo=",
      "dev": true,
      "requires": {
        "@babel/highlight": "^7.10.4"
      }
    },
    "@babel/helper-validator-identifier": {
      "version": "7.10.4",
      "resolved": "https://artifactory.viaplay.cloud/artifactory/api/npm/mtg-npm-virtual/@babel/helper-validator-identifier/-/helper-validator-identifier-7.10.4.tgz",
      "integrity": "sha1-p4x6clHgH2FlEtMbEK3PUq2l4NI=",
      "dev": true
    },
    "@babel/highlight": {
      "version": "7.10.4",
      "resolved": "https://artifactory.viaplay.cloud/artifactory/api/npm/mtg-npm-virtual/@babel/highlight/-/highlight-7.10.4.tgz",
      "integrity": "sha1-fRvf1ldTU4+r5sOFls23bZrGAUM=",
      "dev": true,
      "requires": {
        "@babel/helper-validator-identifier": "^7.10.4",
        "chalk": "^2.0.0",
        "js-tokens": "^4.0.0"
      },
      "dependencies": {
        "ansi-styles": {
          "version": "3.2.1",
          "resolved": "https://artifactory.viaplay.cloud/artifactory/api/npm/mtg-npm-virtual/ansi-styles/-/ansi-styles-3.2.1.tgz",
          "integrity": "sha1-QfuyAkPlCxK+DwS43tvwdSDOhB0=",
          "dev": true,
          "requires": {
            "color-convert": "^1.9.0"
          }
        },
        "chalk": {
          "version": "2.4.2",
          "resolved": "https://artifactory.viaplay.cloud/artifactory/api/npm/mtg-npm-virtual/chalk/-/chalk-2.4.2.tgz",
          "integrity": "sha1-zUJUFnelQzPPVBpJEIwUMrRMlCQ=",
          "dev": true,
          "requires": {
            "ansi-styles": "^3.2.1",
            "escape-string-regexp": "^1.0.5",
            "supports-color": "^5.3.0"
          }
        },
        "color-convert": {
          "version": "1.9.3",
          "resolved": "https://artifactory.viaplay.cloud/artifactory/api/npm/mtg-npm-virtual/color-convert/-/color-convert-1.9.3.tgz",
          "integrity": "sha1-u3GFBpDh8TZWfeYp0tVHHe2kweg=",
          "dev": true,
          "requires": {
            "color-name": "1.1.3"
          }
        },
        "color-name": {
          "version": "1.1.3",
          "resolved": "https://artifactory.viaplay.cloud/artifactory/api/npm/mtg-npm-virtual/color-name/-/color-name-1.1.3.tgz",
          "integrity": "sha1-p9BVi9icQveV3UIyj3QIMcpTvCU=",
          "dev": true
        },
        "has-flag": {
          "version": "3.0.0",
          "resolved": "https://artifactory.viaplay.cloud/artifactory/api/npm/mtg-npm-virtual/has-flag/-/has-flag-3.0.0.tgz",
          "integrity": "sha1-tdRU3CGZriJWmfNGfloH87lVuv0=",
          "dev": true
        },
        "supports-color": {
          "version": "5.5.0",
          "resolved": "https://artifactory.viaplay.cloud/artifactory/api/npm/mtg-npm-virtual/supports-color/-/supports-color-5.5.0.tgz",
          "integrity": "sha1-4uaaRKyHcveKHsCzW2id9lMO/I8=",
          "dev": true,
          "requires": {
            "has-flag": "^3.0.0"
          }
        }
      }
    },
    "@types/color-name": {
      "version": "1.1.1",
      "resolved": "https://artifactory.viaplay.cloud/artifactory/api/npm/mtg-npm-virtual/@types/color-name/-/color-name-1.1.1.tgz",
      "integrity": "sha1-HBJhu+qhCoBVu8XYq4S3sq/IRqA=",
      "dev": true
    },
    "@types/parse-json": {
      "version": "4.0.0",
      "resolved": "https://artifactory.viaplay.cloud/artifactory/api/npm/mtg-npm-virtual/@types/parse-json/-/parse-json-4.0.0.tgz",
      "integrity": "sha1-L4u0QUNNFjs1+4/9zNcTiSf/uMA=",
      "dev": true
    },
    "abstract-logging": {
      "version": "2.0.0",
      "resolved": "https://artifactory.viaplay.cloud/artifactory/api/npm/mtg-npm-virtual/abstract-logging/-/abstract-logging-2.0.0.tgz",
      "integrity": "sha1-CKhYFJRsmO8G9CVq1HCroYhtRJA="
    },
    "ajv": {
      "version": "6.12.5",
      "resolved": "https://artifactory.viaplay.cloud/artifactory/api/npm/mtg-npm-virtual/ajv/-/ajv-6.12.5.tgz",
      "integrity": "sha1-GbDouuj0duW6ZmMAOHd1+xoApNo=",
      "requires": {
        "fast-deep-equal": "^3.1.1",
        "fast-json-stable-stringify": "^2.0.0",
        "json-schema-traverse": "^0.4.1",
        "uri-js": "^4.2.2"
      }
    },
    "ansi-styles": {
      "version": "4.2.1",
      "resolved": "https://artifactory.viaplay.cloud/artifactory/api/npm/mtg-npm-virtual/ansi-styles/-/ansi-styles-4.2.1.tgz",
      "integrity": "sha1-kK51xCTQCNJiTFvynq0xd+v881k=",
      "dev": true,
      "requires": {
        "@types/color-name": "^1.1.1",
        "color-convert": "^2.0.1"
      }
    },
    "archy": {
      "version": "1.0.0",
      "resolved": "https://artifactory.viaplay.cloud/artifactory/api/npm/mtg-npm-virtual/archy/-/archy-1.0.0.tgz",
      "integrity": "sha1-+cjBN1fMHde8N5rHeyxipcKGjEA="
    },
    "atomic-sleep": {
      "version": "1.0.0",
      "resolved": "https://artifactory.viaplay.cloud/artifactory/api/npm/mtg-npm-virtual/atomic-sleep/-/atomic-sleep-1.0.0.tgz",
      "integrity": "sha1-64W3emAfyTLP5DLFrNNkqeLJB1s="
    },
    "avvio": {
      "version": "7.2.0",
      "resolved": "https://artifactory.viaplay.cloud/artifactory/api/npm/mtg-npm-virtual/avvio/-/avvio-7.2.0.tgz",
      "integrity": "sha1-tL9Or0oCB6TmpYp4WSByUHk8yBs=",
      "requires": {
        "archy": "^1.0.0",
        "debug": "^4.0.0",
        "fastq": "^1.6.1",
        "queue-microtask": "^1.1.2"
      }
    },
    "callsites": {
      "version": "3.1.0",
      "resolved": "https://artifactory.viaplay.cloud/artifactory/api/npm/mtg-npm-virtual/callsites/-/callsites-3.1.0.tgz",
      "integrity": "sha1-s2MKvYlDQy9Us/BRkjjjPNffL3M=",
      "dev": true
    },
    "chalk": {
      "version": "4.1.0",
      "resolved": "https://artifactory.viaplay.cloud/artifactory/api/npm/mtg-npm-virtual/chalk/-/chalk-4.1.0.tgz",
      "integrity": "sha1-ThSHCmGNni7dl92DRf2dncMVZGo=",
      "dev": true,
      "requires": {
        "ansi-styles": "^4.1.0",
        "supports-color": "^7.1.0"
      }
    },
    "ci-info": {
      "version": "2.0.0",
      "resolved": "https://artifactory.viaplay.cloud/artifactory/api/npm/mtg-npm-virtual/ci-info/-/ci-info-2.0.0.tgz",
      "integrity": "sha1-Z6npZL4xpR4V5QENWObxKDQAL0Y=",
      "dev": true
    },
    "color-convert": {
      "version": "2.0.1",
      "resolved": "https://artifactory.viaplay.cloud/artifactory/api/npm/mtg-npm-virtual/color-convert/-/color-convert-2.0.1.tgz",
      "integrity": "sha1-ctOmjVmMm9s68q0ehPIdiWq9TeM=",
      "dev": true,
      "requires": {
        "color-name": "~1.1.4"
      }
    },
    "color-name": {
      "version": "1.1.4",
      "resolved": "https://artifactory.viaplay.cloud/artifactory/api/npm/mtg-npm-virtual/color-name/-/color-name-1.1.4.tgz",
      "integrity": "sha1-wqCah6y95pVD3m9j+jmVyCbFNqI=",
      "dev": true
    },
    "compare-versions": {
      "version": "3.6.0",
      "resolved": "https://artifactory.viaplay.cloud/artifactory/api/npm/mtg-npm-virtual/compare-versions/-/compare-versions-3.6.0.tgz",
      "integrity": "sha1-GlaJkTaF5ah2N7jT/8p1UU7EHWI=",
      "dev": true
    },
    "cookie": {
      "version": "0.4.1",
      "resolved": "https://artifactory.viaplay.cloud/artifactory/api/npm/mtg-npm-virtual/cookie/-/cookie-0.4.1.tgz",
      "integrity": "sha1-r9cT/ibr0hupXOth+agRblClN9E="
    },
    "cosmiconfig": {
      "version": "6.0.0",
      "resolved": "https://artifactory.viaplay.cloud/artifactory/api/npm/mtg-npm-virtual/cosmiconfig/-/cosmiconfig-6.0.0.tgz",
      "integrity": "sha1-2k/uhTxS9rHmk19BwaL8UL1KmYI=",
      "dev": true,
      "requires": {
        "@types/parse-json": "^4.0.0",
        "import-fresh": "^3.1.0",
        "parse-json": "^5.0.0",
        "path-type": "^4.0.0",
        "yaml": "^1.7.2"
      }
    },
    "debug": {
      "version": "4.2.0",
      "resolved": "https://artifactory.viaplay.cloud/artifactory/api/npm/mtg-npm-virtual/debug/-/debug-4.2.0.tgz",
      "integrity": "sha1-fxUPk5IOlMWPVXTC/QGjEQ7/5/E=",
      "requires": {
        "ms": "2.1.2"
      }
    },
    "deepmerge": {
      "version": "4.2.2",
      "resolved": "https://artifactory.viaplay.cloud/artifactory/api/npm/mtg-npm-virtual/deepmerge/-/deepmerge-4.2.2.tgz",
      "integrity": "sha1-RNLqNnm49NT/ujPwPYZfwee/SVU="
    },
    "end-of-stream": {
      "version": "1.4.4",
      "resolved": "https://artifactory.viaplay.cloud/artifactory/api/npm/mtg-npm-virtual/end-of-stream/-/end-of-stream-1.4.4.tgz",
      "integrity": "sha1-WuZKX0UFe682JuwU2gyl5LJDHrA=",
      "requires": {
        "once": "^1.4.0"
      }
    },
    "error-ex": {
      "version": "1.3.2",
      "resolved": "https://artifactory.viaplay.cloud/artifactory/api/npm/mtg-npm-virtual/error-ex/-/error-ex-1.3.2.tgz",
      "integrity": "sha1-tKxAZIEH/c3PriQvQovqihTU8b8=",
      "dev": true,
      "requires": {
        "is-arrayish": "^0.2.1"
      }
    },
    "escape-string-regexp": {
      "version": "1.0.5",
      "resolved": "https://artifactory.viaplay.cloud/artifactory/api/npm/mtg-npm-virtual/escape-string-regexp/-/escape-string-regexp-1.0.5.tgz",
      "integrity": "sha1-G2HAViGQqN/2rjuyzwIAyhMLhtQ=",
      "dev": true
    },
    "eslint-config-prettier": {
      "version": "6.11.0",
      "resolved": "https://artifactory.viaplay.cloud/artifactory/api/npm/mtg-npm-virtual/eslint-config-prettier/-/eslint-config-prettier-6.11.0.tgz",
      "integrity": "sha1-9tIjjBKQ0ByFmotcH301KgsNqLE=",
      "dev": true,
      "requires": {
        "get-stdin": "^6.0.0"
      }
    },
    "eslint-plugin-prettier": {
      "version": "3.1.4",
      "resolved": "https://artifactory.viaplay.cloud/artifactory/api/npm/mtg-npm-virtual/eslint-plugin-prettier/-/eslint-plugin-prettier-3.1.4.tgz",
      "integrity": "sha1-Foq0MVTi6lfbmSos0JfIKBcfdcI=",
      "dev": true,
      "requires": {
        "prettier-linter-helpers": "^1.0.0"
      }
    },
    "fast-decode-uri-component": {
      "version": "1.0.1",
      "resolved": "https://artifactory.viaplay.cloud/artifactory/api/npm/mtg-npm-virtual/fast-decode-uri-component/-/fast-decode-uri-component-1.0.1.tgz",
      "integrity": "sha1-Rvi2wisw/3qBNX1PWav66TggJUM="
    },
    "fast-deep-equal": {
      "version": "3.1.3",
      "resolved": "https://artifactory.viaplay.cloud/artifactory/api/npm/mtg-npm-virtual/fast-deep-equal/-/fast-deep-equal-3.1.3.tgz",
      "integrity": "sha1-On1WtVnWy8PrUSMlJE5hmmXGxSU="
    },
    "fast-diff": {
      "version": "1.2.0",
      "resolved": "https://artifactory.viaplay.cloud/artifactory/api/npm/mtg-npm-virtual/fast-diff/-/fast-diff-1.2.0.tgz",
      "integrity": "sha1-c+4RmC2Gyq95WYKNUZz+kn+sXwM=",
      "dev": true
    },
    "fast-json-stable-stringify": {
      "version": "2.1.0",
      "resolved": "https://artifactory.viaplay.cloud/artifactory/api/npm/mtg-npm-virtual/fast-json-stable-stringify/-/fast-json-stable-stringify-2.1.0.tgz",
      "integrity": "sha1-h0v2nG9ATCtdmcSBNBOZ/VWJJjM="
    },
    "fast-json-stringify": {
      "version": "2.2.7",
      "resolved": "https://artifactory.viaplay.cloud/artifactory/api/npm/mtg-npm-virtual/fast-json-stringify/-/fast-json-stringify-2.2.7.tgz",
      "integrity": "sha1-PboXBFG/374UT3pAjyxPG/QTEmo=",
      "requires": {
        "ajv": "^6.11.0",
        "deepmerge": "^4.2.2",
        "string-similarity": "^4.0.1"
      }
    },
    "fast-redact": {
      "version": "2.1.0",
      "resolved": "https://artifactory.viaplay.cloud/artifactory/api/npm/mtg-npm-virtual/fast-redact/-/fast-redact-2.1.0.tgz",
      "integrity": "sha1-3+PBymk2f7Im8RCqTsEOyFRi/98="
    },
    "fast-safe-stringify": {
      "version": "2.0.7",
      "resolved": "https://artifactory.viaplay.cloud/artifactory/api/npm/mtg-npm-virtual/fast-safe-stringify/-/fast-safe-stringify-2.0.7.tgz",
      "integrity": "sha1-EkqohYmSYfaK7bQqfAgN6dpgh0M="
    },
    "fastify": {
      "version": "3.5.0",
      "resolved": "https://artifactory.viaplay.cloud/artifactory/api/npm/mtg-npm-virtual/fastify/-/fastify-3.5.0.tgz",
      "integrity": "sha1-TkbeaemsUcgEdKCLILI/v54Rdqo=",
      "requires": {
        "abstract-logging": "^2.0.0",
        "ajv": "^6.12.2",
        "avvio": "^7.1.2",
        "fast-json-stringify": "^2.2.1",
        "fastify-error": "^0.2.0",
        "fastify-warning": "^0.2.0",
        "find-my-way": "^3.0.0",
        "flatstr": "^1.0.12",
        "light-my-request": "^4.0.2",
        "pino": "^6.2.1",
        "proxy-addr": "^2.0.5",
        "readable-stream": "^3.4.0",
        "rfdc": "^1.1.4",
        "secure-json-parse": "^2.0.0",
        "semver": "^7.3.2",
        "tiny-lru": "^7.0.0"
      }
    },
    "fastify-error": {
      "version": "0.2.0",
      "resolved": "https://artifactory.viaplay.cloud/artifactory/api/npm/mtg-npm-virtual/fastify-error/-/fastify-error-0.2.0.tgz",
      "integrity": "sha1-mhwo1PQrYlnnpUlnHI5eLYVmBjQ="
    },
    "fastify-warning": {
      "version": "0.2.0",
      "resolved": "https://artifactory.viaplay.cloud/artifactory/api/npm/mtg-npm-virtual/fastify-warning/-/fastify-warning-0.2.0.tgz",
      "integrity": "sha1-5xd3YCakST3Jor76RNttF/YYAI8="
    },
    "fastq": {
      "version": "1.8.0",
      "resolved": "https://artifactory.viaplay.cloud/artifactory/api/npm/mtg-npm-virtual/fastq/-/fastq-1.8.0.tgz",
      "integrity": "sha1-VQ4fn1m7xl/hhctqm02VNXEH9IE=",
      "requires": {
        "reusify": "^1.0.4"
      }
    },
    "find-my-way": {
      "version": "3.0.4",
      "resolved": "https://artifactory.viaplay.cloud/artifactory/api/npm/mtg-npm-virtual/find-my-way/-/find-my-way-3.0.4.tgz",
      "integrity": "sha1-pIWXPRo/2v2YmsnxL9LYjoPNomg=",
      "requires": {
        "fast-decode-uri-component": "^1.0.1",
        "safe-regex2": "^2.0.0",
        "semver-store": "^0.3.0"
      }
    },
    "find-up": {
      "version": "4.1.0",
      "resolved": "https://artifactory.viaplay.cloud/artifactory/api/npm/mtg-npm-virtual/find-up/-/find-up-4.1.0.tgz",
      "integrity": "sha1-l6/n1s3AvFkoWEt8jXsW6KmqXRk=",
      "dev": true,
      "requires": {
        "locate-path": "^5.0.0",
        "path-exists": "^4.0.0"
      }
    },
    "find-versions": {
      "version": "3.2.0",
      "resolved": "https://artifactory.viaplay.cloud/artifactory/api/npm/mtg-npm-virtual/find-versions/-/find-versions-3.2.0.tgz",
      "integrity": "sha1-ECl/mAMKeGgpaBaQVF72We0dJU4=",
      "dev": true,
      "requires": {
        "semver-regex": "^2.0.0"
      }
    },
    "flatstr": {
      "version": "1.0.12",
      "resolved": "https://artifactory.viaplay.cloud/artifactory/api/npm/mtg-npm-virtual/flatstr/-/flatstr-1.0.12.tgz",
      "integrity": "sha1-wrpqCBc+27bJZA4wVbleKHzrWTE="
    },
    "forwarded": {
      "version": "0.1.2",
      "resolved": "https://artifactory.viaplay.cloud/artifactory/api/npm/mtg-npm-virtual/forwarded/-/forwarded-0.1.2.tgz",
      "integrity": "sha1-mMI9qxF1ZXuMBXPozszZGw/xjIQ="
    },
    "get-stdin": {
      "version": "6.0.0",
      "resolved": "https://artifactory.viaplay.cloud/artifactory/api/npm/mtg-npm-virtual/get-stdin/-/get-stdin-6.0.0.tgz",
      "integrity": "sha1-ngm/cSs2CrkiXoEgSPcf3pyJZXs=",
      "dev": true
    },
    "has-flag": {
      "version": "4.0.0",
      "resolved": "https://artifactory.viaplay.cloud/artifactory/api/npm/mtg-npm-virtual/has-flag/-/has-flag-4.0.0.tgz",
      "integrity": "sha1-lEdx/ZyByBJlxNaUGGDaBrtZR5s=",
      "dev": true
    },
    "husky": {
      "version": "4.2.5",
      "resolved": "https://artifactory.viaplay.cloud/artifactory/api/npm/mtg-npm-virtual/husky/-/husky-4.2.5.tgz",
      "integrity": "sha1-K092Imc6cVefkB2Yhe1Eg5S1+jY=",
      "dev": true,
      "requires": {
        "chalk": "^4.0.0",
        "ci-info": "^2.0.0",
        "compare-versions": "^3.6.0",
        "cosmiconfig": "^6.0.0",
        "find-versions": "^3.2.0",
        "opencollective-postinstall": "^2.0.2",
        "pkg-dir": "^4.2.0",
        "please-upgrade-node": "^3.2.0",
        "slash": "^3.0.0",
        "which-pm-runs": "^1.0.0"
      }
    },
    "import-fresh": {
      "version": "3.2.1",
      "resolved": "https://artifactory.viaplay.cloud/artifactory/api/npm/mtg-npm-virtual/import-fresh/-/import-fresh-3.2.1.tgz",
      "integrity": "sha1-Yz/2GFBueTr1rJG/SLcmd+FcvmY=",
      "dev": true,
      "requires": {
        "parent-module": "^1.0.0",
        "resolve-from": "^4.0.0"
      }
    },
    "inherits": {
      "version": "2.0.4",
      "resolved": "https://artifactory.viaplay.cloud/artifactory/api/npm/mtg-npm-virtual/inherits/-/inherits-2.0.4.tgz",
      "integrity": "sha1-D6LGT5MpF8NDOg3tVTY6rjdBa3w="
    },
    "ipaddr.js": {
      "version": "1.9.1",
      "resolved": "https://artifactory.viaplay.cloud/artifactory/api/npm/mtg-npm-virtual/ipaddr.js/-/ipaddr.js-1.9.1.tgz",
      "integrity": "sha1-v/OFQ+64mEglB5/zoqjmy9RngbM="
    },
    "is-arrayish": {
      "version": "0.2.1",
      "resolved": "https://artifactory.viaplay.cloud/artifactory/api/npm/mtg-npm-virtual/is-arrayish/-/is-arrayish-0.2.1.tgz",
      "integrity": "sha1-d8mYQFJ6qOyxqLppe4BkWnqSap0=",
      "dev": true
    },
    "js-tokens": {
      "version": "4.0.0",
      "resolved": "https://artifactory.viaplay.cloud/artifactory/api/npm/mtg-npm-virtual/js-tokens/-/js-tokens-4.0.0.tgz",
      "integrity": "sha1-GSA/tZmR35jjoocFDUZHzerzJJk=",
      "dev": true
    },
    "json-parse-even-better-errors": {
      "version": "2.3.1",
      "resolved": "https://artifactory.viaplay.cloud/artifactory/api/npm/mtg-npm-virtual/json-parse-even-better-errors/-/json-parse-even-better-errors-2.3.1.tgz",
      "integrity": "sha1-fEeAWpQxmSjgV3dAXcEuH3pO4C0=",
      "dev": true
    },
    "json-schema-traverse": {
      "version": "0.4.1",
      "resolved": "https://artifactory.viaplay.cloud/artifactory/api/npm/mtg-npm-virtual/json-schema-traverse/-/json-schema-traverse-0.4.1.tgz",
      "integrity": "sha1-afaofZUTq4u4/mO9sJecRI5oRmA="
    },
    "light-my-request": {
      "version": "4.1.0",
      "resolved": "https://artifactory.viaplay.cloud/artifactory/api/npm/mtg-npm-virtual/light-my-request/-/light-my-request-4.1.0.tgz",
      "integrity": "sha1-d6IjD7m9tMVZgyx+50rO9xVKwg8=",
      "requires": {
        "ajv": "^6.12.2",
        "cookie": "^0.4.0",
        "fastify-warning": "^0.2.0",
        "readable-stream": "^3.6.0",
        "set-cookie-parser": "^2.4.1"
      }
    },
    "lines-and-columns": {
      "version": "1.1.6",
      "resolved": "https://artifactory.viaplay.cloud/artifactory/api/npm/mtg-npm-virtual/lines-and-columns/-/lines-and-columns-1.1.6.tgz",
      "integrity": "sha1-HADHQ7QzzQpOgHWPe2SldEDZ/wA=",
      "dev": true
    },
    "locate-path": {
      "version": "5.0.0",
      "resolved": "https://artifactory.viaplay.cloud/artifactory/api/npm/mtg-npm-virtual/locate-path/-/locate-path-5.0.0.tgz",
      "integrity": "sha1-Gvujlq/WdqbUJQTQpno6frn2KqA=",
      "dev": true,
      "requires": {
        "p-locate": "^4.1.0"
      }
    },
    "ms": {
      "version": "2.1.2",
      "resolved": "https://artifactory.viaplay.cloud/artifactory/api/npm/mtg-npm-virtual/ms/-/ms-2.1.2.tgz",
      "integrity": "sha1-0J0fNXtEP0kzgqjrPM0YOHKuYAk="
    },
    "once": {
      "version": "1.4.0",
      "resolved": "https://artifactory.viaplay.cloud/artifactory/api/npm/mtg-npm-virtual/once/-/once-1.4.0.tgz",
      "integrity": "sha1-WDsap3WWHUsROsF9nFC6753Xa9E=",
      "requires": {
        "wrappy": "1"
      }
    },
    "opencollective-postinstall": {
      "version": "2.0.3",
      "resolved": "https://artifactory.viaplay.cloud/artifactory/api/npm/mtg-npm-virtual/opencollective-postinstall/-/opencollective-postinstall-2.0.3.tgz",
      "integrity": "sha1-eg//l49tv6TQBiOPusmO1BmMMlk=",
      "dev": true
    },
    "p-limit": {
      "version": "2.3.0",
      "resolved": "https://artifactory.viaplay.cloud/artifactory/api/npm/mtg-npm-virtual/p-limit/-/p-limit-2.3.0.tgz",
      "integrity": "sha1-PdM8ZHohT9//2DWTPrCG2g3CHbE=",
      "dev": true,
      "requires": {
        "p-try": "^2.0.0"
      }
    },
    "p-locate": {
      "version": "4.1.0",
      "resolved": "https://artifactory.viaplay.cloud/artifactory/api/npm/mtg-npm-virtual/p-locate/-/p-locate-4.1.0.tgz",
      "integrity": "sha1-o0KLtwiLOmApL2aRkni3wpetTwc=",
      "dev": true,
      "requires": {
        "p-limit": "^2.2.0"
      }
    },
    "p-try": {
      "version": "2.2.0",
      "resolved": "https://artifactory.viaplay.cloud/artifactory/api/npm/mtg-npm-virtual/p-try/-/p-try-2.2.0.tgz",
      "integrity": "sha1-yyhoVA4xPWHeWPr741zpAE1VQOY=",
      "dev": true
    },
    "parent-module": {
      "version": "1.0.1",
      "resolved": "https://artifactory.viaplay.cloud/artifactory/api/npm/mtg-npm-virtual/parent-module/-/parent-module-1.0.1.tgz",
      "integrity": "sha1-aR0nCeeMefrjoVZiJFLQB2LKqqI=",
      "dev": true,
      "requires": {
        "callsites": "^3.0.0"
      }
    },
    "parse-json": {
      "version": "5.1.0",
      "resolved": "https://artifactory.viaplay.cloud/artifactory/api/npm/mtg-npm-virtual/parse-json/-/parse-json-5.1.0.tgz",
      "integrity": "sha1-+WCIzfJKj6qa6poAny2dlCyZlkY=",
      "dev": true,
      "requires": {
        "@babel/code-frame": "^7.0.0",
        "error-ex": "^1.3.1",
        "json-parse-even-better-errors": "^2.3.0",
        "lines-and-columns": "^1.1.6"
      }
    },
    "path-exists": {
      "version": "4.0.0",
      "resolved": "https://artifactory.viaplay.cloud/artifactory/api/npm/mtg-npm-virtual/path-exists/-/path-exists-4.0.0.tgz",
      "integrity": "sha1-UTvb4tO5XXdi6METfvoZXGxhtbM=",
      "dev": true
    },
    "path-type": {
      "version": "4.0.0",
      "resolved": "https://artifactory.viaplay.cloud/artifactory/api/npm/mtg-npm-virtual/path-type/-/path-type-4.0.0.tgz",
      "integrity": "sha1-hO0BwKe6OAr+CdkKjBgNzZ0DBDs=",
      "dev": true
    },
    "pino": {
      "version": "6.6.1",
      "resolved": "https://artifactory.viaplay.cloud/artifactory/api/npm/mtg-npm-virtual/pino/-/pino-6.6.1.tgz",
      "integrity": "sha1-P+jsMA2tssMAF985EGsFa4ff/Kg=",
      "requires": {
        "fast-redact": "^2.0.0",
        "fast-safe-stringify": "^2.0.7",
        "flatstr": "^1.0.12",
        "pino-std-serializers": "^2.4.2",
        "quick-format-unescaped": "^4.0.1",
        "sonic-boom": "^1.0.2"
      }
    },
    "pino-std-serializers": {
      "version": "2.5.0",
      "resolved": "https://artifactory.viaplay.cloud/artifactory/api/npm/mtg-npm-virtual/pino-std-serializers/-/pino-std-serializers-2.5.0.tgz",
      "integrity": "sha1-QOrXgcZaDOfs2cHDP0CdMf5xIxU="
    },
    "pkg-dir": {
      "version": "4.2.0",
      "resolved": "https://artifactory.viaplay.cloud/artifactory/api/npm/mtg-npm-virtual/pkg-dir/-/pkg-dir-4.2.0.tgz",
      "integrity": "sha1-8JkTPfft5CLoHR2ESCcO6z5CYfM=",
      "dev": true,
      "requires": {
        "find-up": "^4.0.0"
      }
    },
    "please-upgrade-node": {
      "version": "3.2.0",
      "resolved": "https://artifactory.viaplay.cloud/artifactory/api/npm/mtg-npm-virtual/please-upgrade-node/-/please-upgrade-node-3.2.0.tgz",
      "integrity": "sha1-rt3T+ZTJM+StmLmdmlVu+g4v6UI=",
      "dev": true,
      "requires": {
        "semver-compare": "^1.0.0"
      }
    },
    "prettier-linter-helpers": {
      "version": "1.0.0",
      "resolved": "https://artifactory.viaplay.cloud/artifactory/api/npm/mtg-npm-virtual/prettier-linter-helpers/-/prettier-linter-helpers-1.0.0.tgz",
      "integrity": "sha1-0j1B/hN1ZG3i0BBNNFSjAIgCz3s=",
      "dev": true,
      "requires": {
        "fast-diff": "^1.1.2"
      }
    },
    "proxy-addr": {
      "version": "2.0.6",
      "resolved": "https://artifactory.viaplay.cloud/artifactory/api/npm/mtg-npm-virtual/proxy-addr/-/proxy-addr-2.0.6.tgz",
      "integrity": "sha1-/cIzZQVEfT8vLGOO0nLK9hS7sr8=",
      "requires": {
        "forwarded": "~0.1.2",
        "ipaddr.js": "1.9.1"
      }
    },
    "pump": {
      "version": "3.0.0",
      "resolved": "https://artifactory.viaplay.cloud/artifactory/api/npm/mtg-npm-virtual/pump/-/pump-3.0.0.tgz",
      "integrity": "sha1-tKIRaBW94vTh6mAjVOjHVWUQemQ=",
      "requires": {
        "end-of-stream": "^1.1.0",
        "once": "^1.3.1"
      }
    },
    "punycode": {
      "version": "2.1.1",
      "resolved": "https://artifactory.viaplay.cloud/artifactory/api/npm/mtg-npm-virtual/punycode/-/punycode-2.1.1.tgz",
      "integrity": "sha1-tYsBCsQMIsVldhbI0sLALHv0eew="
    },
    "queue-microtask": {
      "version": "1.1.4",
      "resolved": "https://artifactory.viaplay.cloud/artifactory/api/npm/mtg-npm-virtual/queue-microtask/-/queue-microtask-1.1.4.tgz",
      "integrity": "sha1-QIQazkNWtIs1tephouH+CiPFnOE="
    },
    "quick-format-unescaped": {
      "version": "4.0.1",
      "resolved": "https://artifactory.viaplay.cloud/artifactory/api/npm/mtg-npm-virtual/quick-format-unescaped/-/quick-format-unescaped-4.0.1.tgz",
      "integrity": "sha1-Q3peoaC2Het2Bfirao/ThY2+twE="
    },
    "readable-stream": {
      "version": "3.6.0",
      "resolved": "https://artifactory.viaplay.cloud/artifactory/api/npm/mtg-npm-virtual/readable-stream/-/readable-stream-3.6.0.tgz",
      "integrity": "sha1-M3u9o63AcGvT4CRCaihtS0sskZg=",
      "requires": {
        "inherits": "^2.0.3",
        "string_decoder": "^1.1.1",
        "util-deprecate": "^1.0.1"
      }
    },
    "resolve-from": {
      "version": "4.0.0",
      "resolved": "https://artifactory.viaplay.cloud/artifactory/api/npm/mtg-npm-virtual/resolve-from/-/resolve-from-4.0.0.tgz",
      "integrity": "sha1-SrzYUq0y3Xuqv+m0DgCjbbXzkuY=",
      "dev": true
    },
    "ret": {
      "version": "0.2.2",
      "resolved": "https://artifactory.viaplay.cloud/artifactory/api/npm/mtg-npm-virtual/ret/-/ret-0.2.2.tgz",
      "integrity": "sha1-toYXgqH0di3OQ0Aqcet6KD9EVzw="
    },
    "reusify": {
      "version": "1.0.4",
      "resolved": "https://artifactory.viaplay.cloud/artifactory/api/npm/mtg-npm-virtual/reusify/-/reusify-1.0.4.tgz",
      "integrity": "sha1-kNo4Kx4SbvwCFG6QhFqI2xKSXXY="
    },
    "rfdc": {
      "version": "1.1.4",
      "resolved": "https://artifactory.viaplay.cloud/artifactory/api/npm/mtg-npm-virtual/rfdc/-/rfdc-1.1.4.tgz",
      "integrity": "sha1-unLME2egzNnPgahws7WL060H+MI="
    },
    "safe-buffer": {
      "version": "5.2.1",
      "resolved": "https://artifactory.viaplay.cloud/artifactory/api/npm/mtg-npm-virtual/safe-buffer/-/safe-buffer-5.2.1.tgz",
      "integrity": "sha1-Hq+fqb2x/dTsdfWPnNtOa3gn7sY="
    },
    "safe-regex2": {
      "version": "2.0.0",
      "resolved": "https://artifactory.viaplay.cloud/artifactory/api/npm/mtg-npm-virtual/safe-regex2/-/safe-regex2-2.0.0.tgz",
      "integrity": "sha1-sodSTDl8eimURwNn4BheGRax9bk=",
      "requires": {
        "ret": "~0.2.0"
      }
    },
    "secure-json-parse": {
      "version": "2.1.0",
      "resolved": "https://artifactory.viaplay.cloud/artifactory/api/npm/mtg-npm-virtual/secure-json-parse/-/secure-json-parse-2.1.0.tgz",
      "integrity": "sha1-rnb1YkJWtcSXr4hwkKXZ4VbJ+yA="
    },
    "semver": {
      "version": "7.3.2",
      "resolved": "https://artifactory.viaplay.cloud/artifactory/api/npm/mtg-npm-virtual/semver/-/semver-7.3.2.tgz",
      "integrity": "sha1-YElisFK4HtB4aq6EOJ/7pw/9OTg="
    },
    "semver-compare": {
      "version": "1.0.0",
      "resolved": "https://artifactory.viaplay.cloud/artifactory/api/npm/mtg-npm-virtual/semver-compare/-/semver-compare-1.0.0.tgz",
      "integrity": "sha1-De4hahyUGrN+nvsXiPavxf9VN/w=",
      "dev": true
    },
    "semver-regex": {
      "version": "2.0.0",
      "resolved": "https://artifactory.viaplay.cloud/artifactory/api/npm/mtg-npm-virtual/semver-regex/-/semver-regex-2.0.0.tgz",
      "integrity": "sha1-qTwsWERTmncCMzeRB7OMe0rJ0zg=",
      "dev": true
    },
    "semver-store": {
      "version": "0.3.0",
      "resolved": "https://artifactory.viaplay.cloud/artifactory/api/npm/mtg-npm-virtual/semver-store/-/semver-store-0.3.0.tgz",
      "integrity": "sha1-zmAv8H3zcIDsn0+0CylXZUe+++k="
    },
    "set-cookie-parser": {
      "version": "2.4.6",
      "resolved": "https://artifactory.viaplay.cloud/artifactory/api/npm/mtg-npm-virtual/set-cookie-parser/-/set-cookie-parser-2.4.6.tgz",
      "integrity": "sha1-Q73qAouebxdkdO5SmOdYtKRHmcM="
    },
    "slash": {
      "version": "3.0.0",
      "resolved": "https://artifactory.viaplay.cloud/artifactory/api/npm/mtg-npm-virtual/slash/-/slash-3.0.0.tgz",
      "integrity": "sha1-ZTm+hwwWWtvVJAIg2+Nh8bxNRjQ=",
      "dev": true
    },
    "sonic-boom": {
      "version": "1.3.0",
      "resolved": "https://artifactory.viaplay.cloud/artifactory/api/npm/mtg-npm-virtual/sonic-boom/-/sonic-boom-1.3.0.tgz",
      "integrity": "sha1-XHfIRs5sOV3d8uuOjmX5zFdvLnY=",
      "requires": {
        "atomic-sleep": "^1.0.0",
        "flatstr": "^1.0.12"
      }
    },
    "string-similarity": {
      "version": "4.0.2",
      "resolved": "https://artifactory.viaplay.cloud/artifactory/api/npm/mtg-npm-virtual/string-similarity/-/string-similarity-4.0.2.tgz",
      "integrity": "sha1-HcKVGNDpLlBQlJnOKXQ2j3e7sbE="
    },
    "string_decoder": {
      "version": "1.3.0",
      "resolved": "https://artifactory.viaplay.cloud/artifactory/api/npm/mtg-npm-virtual/string_decoder/-/string_decoder-1.3.0.tgz",
      "integrity": "sha1-QvEUWUpGzxqOMLCoT1bHjD7awh4=",
      "requires": {
        "safe-buffer": "~5.2.0"
      }
    },
    "supports-color": {
      "version": "7.2.0",
      "resolved": "https://artifactory.viaplay.cloud/artifactory/api/npm/mtg-npm-virtual/supports-color/-/supports-color-7.2.0.tgz",
      "integrity": "sha1-G33NyzK4E4gBs+R4umpRyqiWSNo=",
      "dev": true,
      "requires": {
        "has-flag": "^4.0.0"
      }
    },
    "tiny-lru": {
      "version": "7.0.6",
      "resolved": "https://artifactory.viaplay.cloud/artifactory/api/npm/mtg-npm-virtual/tiny-lru/-/tiny-lru-7.0.6.tgz",
      "integrity": "sha1-sMPN7eHliCqi0a4hyyzszyozHyQ="
    },
    "uri-js": {
      "version": "4.4.0",
      "resolved": "https://artifactory.viaplay.cloud/artifactory/api/npm/mtg-npm-virtual/uri-js/-/uri-js-4.4.0.tgz",
      "integrity": "sha1-qnFCYd55PoqCNHp7zJznTobyhgI=",
      "requires": {
        "punycode": "^2.1.0"
      }
    },
    "util-deprecate": {
      "version": "1.0.2",
      "resolved": "https://artifactory.viaplay.cloud/artifactory/api/npm/mtg-npm-virtual/util-deprecate/-/util-deprecate-1.0.2.tgz",
      "integrity": "sha1-RQ1Nyfpw3nMnYvvS1KKJgUGaDM8="
    },
    "which-pm-runs": {
      "version": "1.0.0",
      "resolved": "https://artifactory.viaplay.cloud/artifactory/api/npm/mtg-npm-virtual/which-pm-runs/-/which-pm-runs-1.0.0.tgz",
      "integrity": "sha1-Zws6+8VS4LVd9rd4DKdGFfI60cs=",
      "dev": true
    },
    "wrappy": {
      "version": "1.0.2",
      "resolved": "https://artifactory.viaplay.cloud/artifactory/api/npm/mtg-npm-virtual/wrappy/-/wrappy-1.0.2.tgz",
      "integrity": "sha1-tSQ9jz7BqjXxNkYFvA0QNuMKtp8="
    },
    "yaml": {
      "version": "1.10.0",
      "resolved": "https://artifactory.viaplay.cloud/artifactory/api/npm/mtg-npm-virtual/yaml/-/yaml-1.10.0.tgz",
      "integrity": "sha1-O1k63ZRIdgd9TWg/7gEIG9n/8x4=",
      "dev": true
    }
  }
}
